
Microsoft Visual Studio Solution File, Format Version 12.00
# Visual Studio Version 17
VisualStudioVersion = 17.4.33205.214
MinimumVisualStudioVersion = 10.0.40219.1
Project("{9A19103F-16F7-4668-BE54-9A1E7A4F7556}") = "ToggleAct", "ToggleAct.csproj", "{E76CBAF6-61F8-4F3D-A134-EFB3A4DBC47C}"
EndProject
Global
	GlobalSection(SolutionConfigurationPlatforms) = preSolution
		Debug|Any CPU = Debug|Any CPU
		Release|Any CPU = Release|Any CPU
	EndGlobalSection
	GlobalSection(ProjectConfigurationPlatforms) = postSolution
		{E76CBAF6-61F8-4F3D-A134-EFB3A4DBC47C}.Debug|Any CPU.ActiveCfg = Debug|Any CPU
		{E76CBAF6-61F8-4F3D-A134-EFB3A4DBC47C}.Debug|Any CPU.Build.0 = Debug|Any CPU
		{E76CBAF6-61F8-4F3D-A134-EFB3A4DBC47C}.Release|Any CPU.ActiveCfg = Release|Any CPU
		{E76CBAF6-61F8-4F3D-A134-EFB3A4DBC47C}.Release|Any CPU.Build.0 = Release|Any CPU
	EndGlobalSection
	GlobalSection(SolutionProperties) = preSolution
		HideSolutionNode = FALSE
	EndGlobalSection
	GlobalSection(ExtensibilityGlobals) = postSolution
		SolutionGuid = {F6493114-A946-4973-BB43-2858FF4CE45A}
	EndGlobalSection
EndGlobal
